
Microsoft Visual Studio Solution File, Format Version 12.00
# Visual Studio Version 17
VisualStudioVersion = 17.6.33815.320
MinimumVisualStudioVersion = 10.0.40219.1
Project("{FAE04EC0-301F-11D3-BF4B-00C04F79EFBC}") = "LethalShock", "LethalShock.csproj", "{5B8D229A-94A4-428C-AADF-9CF5DE1B2401}"
EndProject
Global
	GlobalSection(SolutionConfigurationPlatforms) = preSolution
		Debug|Any CPU = Debug|Any CPU
		Release|Any CPU = Release|Any CPU
	EndGlobalSection
	GlobalSection(ProjectConfigurationPlatforms) = postSolution
		{5B8D229A-94A4-428C-AADF-9CF5DE1B2401}.Debug|Any CPU.ActiveCfg = Debug|Any CPU
		{5B8D229A-94A4-428C-AADF-9CF5DE1B2401}.Debug|Any CPU.Build.0 = Debug|Any CPU
		{5B8D229A-94A4-428C-AADF-9CF5DE1B2401}.Release|Any CPU.ActiveCfg = Release|Any CPU
		{5B8D229A-94A4-428C-AADF-9CF5DE1B2401}.Release|Any CPU.Build.0 = Release|Any CPU
	EndGlobalSection
	GlobalSection(SolutionProperties) = preSolution
		HideSolutionNode = FALSE
	EndGlobalSection
	GlobalSection(ExtensibilityGlobals) = postSolution
		SolutionGuid = {6C0AE403-AE13-457E-BFA0-AD392971C872}
	EndGlobalSection
EndGlobal
